<?xml version="1.0" encoding="UTF-8" standalone="yes" ?>
<CodeBlocks_project_file>
	<FileVersion major="1" minor="6" />
	<Project>
		<Option title="tpsa_lib" />
		<Option pch_mode="2" />
		<Option compiler="gnu_gcc_51_x64_compiler" />
		<Build>
			<Target title="Debug">
				<Option output="../build/bin/Debug/tpsa" prefix_auto="1" extension_auto="1" />
				<Option working_dir="" />
				<Option object_output="../build/obj/Debug/" />
				<Option type="2" />
				<Option compiler="gnu_gcc_51_x64_compiler" />
				<Option createDefFile="1" />
				<Compiler>
					<Add option="-Wall" />
					<Add option="-std=c++11" />
					<Add option="-g" />
				</Compiler>
			</Target>
			<Target title="Release">
				<Option output="../build/bin/Release/tpsa" prefix_auto="1" extension_auto="1" />
				<Option working_dir="" />
				<Option object_output="../build/obj/Release/" />
				<Option type="2" />
				<Option compiler="gnu_gcc_51_x64_compiler" />
				<Option createDefFile="1" />
				<Compiler>
					<Add option="-O2" />
					<Add option="-Wall" />
					<Add option="-std=c++11" />
				</Compiler>
				<Linker>
					<Add option="-s" />
				</Linker>
			</Target>
		</Build>
		<Unit filename="../include/da.h" />
		<Unit filename="../include/tpsa_extend.h" />
		<Unit filename="../scr/da.cc" />
		<Unit filename="../scr/tpsa_extend.cc" />
		<Extensions>
			<code_completion />
			<envvars />
			<debugger />
		</Extensions>
	</Project>
</CodeBlocks_project_file>
